Microsoft Visual Studio Solution File, Format Version 12.00
# Visual Studio Version 17
VisualStudioVersion = 17.5.002.0
MinimumVisualStudioVersion = 10.0.40219.1
Project("{2150E333-8FDC-42A3-9474-1A3956D46DE8}") = "lib", "lib", "{C9AD7262-F32D-4F6F-A3A7-05A43798FF30}"
EndProject
Project("{2150E333-8FDC-42A3-9474-1A3956D46DE8}") = "src", "src", "{0B0F1C69-CAD9-419A-B9F9-2745357AC1DC}"
EndProject
Project("{FAE04EC0-301F-11D3-BF4B-00C04F79EFBC}") = "strategies", "lib\strategies\strategies.csproj", "{67121513-8453-42B5-AF94-14A1656B53A2}"
EndProject
Project("{FAE04EC0-301F-11D3-BF4B-00C04F79EFBC}") = "bot", "src\bot\bot.csproj", "{BC4B195B-0EE3-4452-B0B5-94BB0DF0A450}"
EndProject
Project("{FAE04EC0-301F-11D3-BF4B-00C04F79EFBC}") = "email_api", "lib\email_api\email_api.csproj", "{007A819B-58B2-466C-AF8F-EDC86ADD1562}"
EndProject
Project("{FAE04EC0-301F-11D3-BF4B-00C04F79EFBC}") = "broker_api", "lib\broker_api\broker_api.csproj", "{F657491D-00C3-4030-B13C-FA3D6997E879}"
EndProject
Project("{2150E333-8FDC-42A3-9474-1A3956D46DE8}") = "Tests", "Tests", "{7C741593-7249-48A7-9564-2F2200449C0E}"
EndProject
Project("{FAE04EC0-301F-11D3-BF4B-00C04F79EFBC}") = "TestBots", "Tests\TestBots\TestBots.csproj", "{AC2107E4-96D9-4317-BB3F-D6B89D81F79D}"
EndProject
Project("{FAE04EC0-301F-11D3-BF4B-00C04F79EFBC}") = "TestStrategies", "Tests\TestStrategies\TestStrategies.csproj", "{1E7D85EA-9867-435A-B3E9-EAB1F6AAD5D8}"
EndProject
Project("{FAE04EC0-301F-11D3-BF4B-00C04F79EFBC}") = "TestSignals", "Tests\TestSignals\TestSignals.csproj", "{F94FFCFE-82BF-435E-BC96-2C422C4CDDB9}"
EndProject
Global
	GlobalSection(SolutionConfigurationPlatforms) = preSolution
		Debug|Any CPU = Debug|Any CPU
		Release|Any CPU = Release|Any CPU
	EndGlobalSection
	GlobalSection(ProjectConfigurationPlatforms) = postSolution
		{67121513-8453-42B5-AF94-14A1656B53A2}.Debug|Any CPU.ActiveCfg = Debug|Any CPU
		{67121513-8453-42B5-AF94-14A1656B53A2}.Debug|Any CPU.Build.0 = Debug|Any CPU
		{67121513-8453-42B5-AF94-14A1656B53A2}.Release|Any CPU.ActiveCfg = Release|Any CPU
		{67121513-8453-42B5-AF94-14A1656B53A2}.Release|Any CPU.Build.0 = Release|Any CPU
		{BC4B195B-0EE3-4452-B0B5-94BB0DF0A450}.Debug|Any CPU.ActiveCfg = Debug|Any CPU
		{BC4B195B-0EE3-4452-B0B5-94BB0DF0A450}.Debug|Any CPU.Build.0 = Debug|Any CPU
		{BC4B195B-0EE3-4452-B0B5-94BB0DF0A450}.Release|Any CPU.ActiveCfg = Release|Any CPU
		{BC4B195B-0EE3-4452-B0B5-94BB0DF0A450}.Release|Any CPU.Build.0 = Release|Any CPU
		{007A819B-58B2-466C-AF8F-EDC86ADD1562}.Debug|Any CPU.ActiveCfg = Debug|Any CPU
		{007A819B-58B2-466C-AF8F-EDC86ADD1562}.Debug|Any CPU.Build.0 = Debug|Any CPU
		{007A819B-58B2-466C-AF8F-EDC86ADD1562}.Release|Any CPU.ActiveCfg = Release|Any CPU
		{007A819B-58B2-466C-AF8F-EDC86ADD1562}.Release|Any CPU.Build.0 = Release|Any CPU
		{F657491D-00C3-4030-B13C-FA3D6997E879}.Debug|Any CPU.ActiveCfg = Debug|Any CPU
		{F657491D-00C3-4030-B13C-FA3D6997E879}.Debug|Any CPU.Build.0 = Debug|Any CPU
		{F657491D-00C3-4030-B13C-FA3D6997E879}.Release|Any CPU.ActiveCfg = Release|Any CPU
		{F657491D-00C3-4030-B13C-FA3D6997E879}.Release|Any CPU.Build.0 = Release|Any CPU
		{AC2107E4-96D9-4317-BB3F-D6B89D81F79D}.Debug|Any CPU.ActiveCfg = Debug|Any CPU
		{AC2107E4-96D9-4317-BB3F-D6B89D81F79D}.Debug|Any CPU.Build.0 = Debug|Any CPU
		{AC2107E4-96D9-4317-BB3F-D6B89D81F79D}.Release|Any CPU.ActiveCfg = Release|Any CPU
		{AC2107E4-96D9-4317-BB3F-D6B89D81F79D}.Release|Any CPU.Build.0 = Release|Any CPU
		{1E7D85EA-9867-435A-B3E9-EAB1F6AAD5D8}.Debug|Any CPU.ActiveCfg = Debug|Any CPU
		{1E7D85EA-9867-435A-B3E9-EAB1F6AAD5D8}.Debug|Any CPU.Build.0 = Debug|Any CPU
		{1E7D85EA-9867-435A-B3E9-EAB1F6AAD5D8}.Release|Any CPU.ActiveCfg = Release|Any CPU
		{1E7D85EA-9867-435A-B3E9-EAB1F6AAD5D8}.Release|Any CPU.Build.0 = Release|Any CPU
		{F94FFCFE-82BF-435E-BC96-2C422C4CDDB9}.Debug|Any CPU.ActiveCfg = Debug|Any CPU
		{F94FFCFE-82BF-435E-BC96-2C422C4CDDB9}.Debug|Any CPU.Build.0 = Debug|Any CPU
		{F94FFCFE-82BF-435E-BC96-2C422C4CDDB9}.Release|Any CPU.ActiveCfg = Release|Any CPU
		{F94FFCFE-82BF-435E-BC96-2C422C4CDDB9}.Release|Any CPU.Build.0 = Release|Any CPU
	EndGlobalSection
	GlobalSection(SolutionProperties) = preSolution
		HideSolutionNode = FALSE
	EndGlobalSection
	GlobalSection(ExtensibilityGlobals) = postSolution
		SolutionGuid = {DBA420EE-B371-49A1-BAC4-9E66D03398C9}
	EndGlobalSection
	GlobalSection(NestedProjects) = preSolution
		{67121513-8453-42B5-AF94-14A1656B53A2} = {C9AD7262-F32D-4F6F-A3A7-05A43798FF30}
		{BC4B195B-0EE3-4452-B0B5-94BB0DF0A450} = {0B0F1C69-CAD9-419A-B9F9-2745357AC1DC}
		{007A819B-58B2-466C-AF8F-EDC86ADD1562} = {C9AD7262-F32D-4F6F-A3A7-05A43798FF30}
		{F657491D-00C3-4030-B13C-FA3D6997E879} = {C9AD7262-F32D-4F6F-A3A7-05A43798FF30}
		{AC2107E4-96D9-4317-BB3F-D6B89D81F79D} = {7C741593-7249-48A7-9564-2F2200449C0E}
		{1E7D85EA-9867-435A-B3E9-EAB1F6AAD5D8} = {7C741593-7249-48A7-9564-2F2200449C0E}
		{F94FFCFE-82BF-435E-BC96-2C422C4CDDB9} = {7C741593-7249-48A7-9564-2F2200449C0E}
	EndGlobalSection
EndGlobal
