Microsoft Visual Studio Solution File, Format Version 12.00
# Visual Studio Version 17
VisualStudioVersion = 17.5.002.0
MinimumVisualStudioVersion = 10.0.40219.1
Project("{2150E333-8FDC-42A3-9474-1A3956D46DE8}") = "src", "src", "{85F948B3-8157-492D-BA3E-D006F8486D9F}"
EndProject
Project("{FAE04EC0-301F-11D3-BF4B-00C04F79EFBC}") = "StrategyTester", "src\StrategyTester\StrategyTester.csproj", "{43123034-1BD7-42C6-89DB-451E58054D01}"
EndProject
Project("{FAE04EC0-301F-11D3-BF4B-00C04F79EFBC}") = "bot", "src\bot\bot.csproj", "{F0568C1E-87A1-47D0-ACBB-87A775E8E98A}"
EndProject
Project("{FAE04EC0-301F-11D3-BF4B-00C04F79EFBC}") = "CandleRepository", "src\CandleRepository\CandleRepository.csproj", "{55CE9505-1A33-418D-91D5-ECA85617ECA6}"
EndProject
Project("{2150E333-8FDC-42A3-9474-1A3956D46DE8}") = "lib", "lib", "{893E9A8B-72D7-40A6-98B2-B24AFC8BAFC5}"
EndProject
Project("{FAE04EC0-301F-11D3-BF4B-00C04F79EFBC}") = "Runners", "lib\Runners\Runners.csproj", "{398CF006-A64E-4968-8A67-8B267C678E20}"
EndProject
Project("{FAE04EC0-301F-11D3-BF4B-00C04F79EFBC}") = "Bots", "lib\Bots\Bots.csproj", "{7D7FEB8B-7942-4EE6-84AC-0C3B706254FD}"
EndProject
Project("{FAE04EC0-301F-11D3-BF4B-00C04F79EFBC}") = "Brokers", "lib\Brokers\Brokers.csproj", "{5D8A3C66-371F-477D-9C77-835F958AFA68}"
EndProject
Project("{FAE04EC0-301F-11D3-BF4B-00C04F79EFBC}") = "RiskManagement", "lib\RiskManamgent\RiskManagement.csproj", "{56AC12ED-B81C-4174-B3F9-179A193157BE}"
EndProject
Project("{FAE04EC0-301F-11D3-BF4B-00C04F79EFBC}") = "Strategies", "lib\Strategies\Strategies.csproj", "{969FEE2A-97AB-4645-BB84-1061850AF01A}"
EndProject
Project("{FAE04EC0-301F-11D3-BF4B-00C04F79EFBC}") = "Indicators", "lib\Indicators\Indicators.csproj", "{4177F5CE-5CF8-4300-B126-98CEA5EFF3B1}"
EndProject
Project("{FAE04EC0-301F-11D3-BF4B-00C04F79EFBC}") = "Notifiers", "lib\Notifiers\Notifiers.csproj", "{860E76C1-6231-4C69-A274-7D46CA25810A}"
EndProject
Project("{FAE04EC0-301F-11D3-BF4B-00C04F79EFBC}") = "Abstractions", "lib\Abstractions\Abstractions.csproj", "{1B5A6ADF-A79C-47C0-AFFE-18916C4BD46F}"
EndProject
Project("{FAE04EC0-301F-11D3-BF4B-00C04F79EFBC}") = "Utilities", "lib\Utilities\Utilities.csproj", "{51CDACBB-58BD-4904-A9E0-479C55E24D45}"
EndProject
Project("{FAE04EC0-301F-11D3-BF4B-00C04F79EFBC}") = "MessageStore", "lib\MessageStore\MessageStore.csproj", "{3C6869AB-CC7C-4E5C-BFD5-580130529373}"
EndProject
Project("{FAE04EC0-301F-11D3-BF4B-00C04F79EFBC}") = "Repositories", "lib\Repositories\Repositories.csproj", "{B253412E-2B4E-4B1B-B548-5757838FDAE0}"
EndProject
Project("{FAE04EC0-301F-11D3-BF4B-00C04F79EFBC}") = "PnLAnalysis", "lib\PnLAnalysis\PnLAnalysis.csproj", "{52979EE8-269B-48AC-A291-509CE96E1379}"
EndProject
Global
	GlobalSection(SolutionConfigurationPlatforms) = preSolution
		Debug|Any CPU = Debug|Any CPU
		Release|Any CPU = Release|Any CPU
	EndGlobalSection
	GlobalSection(ProjectConfigurationPlatforms) = postSolution
		{43123034-1BD7-42C6-89DB-451E58054D01}.Debug|Any CPU.ActiveCfg = Debug|Any CPU
		{43123034-1BD7-42C6-89DB-451E58054D01}.Debug|Any CPU.Build.0 = Debug|Any CPU
		{43123034-1BD7-42C6-89DB-451E58054D01}.Release|Any CPU.ActiveCfg = Release|Any CPU
		{43123034-1BD7-42C6-89DB-451E58054D01}.Release|Any CPU.Build.0 = Release|Any CPU
		{F0568C1E-87A1-47D0-ACBB-87A775E8E98A}.Debug|Any CPU.ActiveCfg = Debug|Any CPU
		{F0568C1E-87A1-47D0-ACBB-87A775E8E98A}.Debug|Any CPU.Build.0 = Debug|Any CPU
		{F0568C1E-87A1-47D0-ACBB-87A775E8E98A}.Release|Any CPU.ActiveCfg = Release|Any CPU
		{F0568C1E-87A1-47D0-ACBB-87A775E8E98A}.Release|Any CPU.Build.0 = Release|Any CPU
		{55CE9505-1A33-418D-91D5-ECA85617ECA6}.Debug|Any CPU.ActiveCfg = Debug|Any CPU
		{55CE9505-1A33-418D-91D5-ECA85617ECA6}.Debug|Any CPU.Build.0 = Debug|Any CPU
		{55CE9505-1A33-418D-91D5-ECA85617ECA6}.Release|Any CPU.ActiveCfg = Release|Any CPU
		{55CE9505-1A33-418D-91D5-ECA85617ECA6}.Release|Any CPU.Build.0 = Release|Any CPU
		{398CF006-A64E-4968-8A67-8B267C678E20}.Debug|Any CPU.ActiveCfg = Debug|Any CPU
		{398CF006-A64E-4968-8A67-8B267C678E20}.Debug|Any CPU.Build.0 = Debug|Any CPU
		{398CF006-A64E-4968-8A67-8B267C678E20}.Release|Any CPU.ActiveCfg = Release|Any CPU
		{398CF006-A64E-4968-8A67-8B267C678E20}.Release|Any CPU.Build.0 = Release|Any CPU
		{7D7FEB8B-7942-4EE6-84AC-0C3B706254FD}.Debug|Any CPU.ActiveCfg = Debug|Any CPU
		{7D7FEB8B-7942-4EE6-84AC-0C3B706254FD}.Debug|Any CPU.Build.0 = Debug|Any CPU
		{7D7FEB8B-7942-4EE6-84AC-0C3B706254FD}.Release|Any CPU.ActiveCfg = Release|Any CPU
		{7D7FEB8B-7942-4EE6-84AC-0C3B706254FD}.Release|Any CPU.Build.0 = Release|Any CPU
		{5D8A3C66-371F-477D-9C77-835F958AFA68}.Debug|Any CPU.ActiveCfg = Debug|Any CPU
		{5D8A3C66-371F-477D-9C77-835F958AFA68}.Debug|Any CPU.Build.0 = Debug|Any CPU
		{5D8A3C66-371F-477D-9C77-835F958AFA68}.Release|Any CPU.ActiveCfg = Release|Any CPU
		{5D8A3C66-371F-477D-9C77-835F958AFA68}.Release|Any CPU.Build.0 = Release|Any CPU
		{56AC12ED-B81C-4174-B3F9-179A193157BE}.Debug|Any CPU.ActiveCfg = Debug|Any CPU
		{56AC12ED-B81C-4174-B3F9-179A193157BE}.Debug|Any CPU.Build.0 = Debug|Any CPU
		{56AC12ED-B81C-4174-B3F9-179A193157BE}.Release|Any CPU.ActiveCfg = Release|Any CPU
		{56AC12ED-B81C-4174-B3F9-179A193157BE}.Release|Any CPU.Build.0 = Release|Any CPU
		{969FEE2A-97AB-4645-BB84-1061850AF01A}.Debug|Any CPU.ActiveCfg = Debug|Any CPU
		{969FEE2A-97AB-4645-BB84-1061850AF01A}.Debug|Any CPU.Build.0 = Debug|Any CPU
		{969FEE2A-97AB-4645-BB84-1061850AF01A}.Release|Any CPU.ActiveCfg = Release|Any CPU
		{969FEE2A-97AB-4645-BB84-1061850AF01A}.Release|Any CPU.Build.0 = Release|Any CPU
		{4177F5CE-5CF8-4300-B126-98CEA5EFF3B1}.Debug|Any CPU.ActiveCfg = Debug|Any CPU
		{4177F5CE-5CF8-4300-B126-98CEA5EFF3B1}.Debug|Any CPU.Build.0 = Debug|Any CPU
		{4177F5CE-5CF8-4300-B126-98CEA5EFF3B1}.Release|Any CPU.ActiveCfg = Release|Any CPU
		{4177F5CE-5CF8-4300-B126-98CEA5EFF3B1}.Release|Any CPU.Build.0 = Release|Any CPU
		{860E76C1-6231-4C69-A274-7D46CA25810A}.Debug|Any CPU.ActiveCfg = Debug|Any CPU
		{860E76C1-6231-4C69-A274-7D46CA25810A}.Debug|Any CPU.Build.0 = Debug|Any CPU
		{860E76C1-6231-4C69-A274-7D46CA25810A}.Release|Any CPU.ActiveCfg = Release|Any CPU
		{860E76C1-6231-4C69-A274-7D46CA25810A}.Release|Any CPU.Build.0 = Release|Any CPU
		{1B5A6ADF-A79C-47C0-AFFE-18916C4BD46F}.Debug|Any CPU.ActiveCfg = Debug|Any CPU
		{1B5A6ADF-A79C-47C0-AFFE-18916C4BD46F}.Debug|Any CPU.Build.0 = Debug|Any CPU
		{1B5A6ADF-A79C-47C0-AFFE-18916C4BD46F}.Release|Any CPU.ActiveCfg = Release|Any CPU
		{1B5A6ADF-A79C-47C0-AFFE-18916C4BD46F}.Release|Any CPU.Build.0 = Release|Any CPU
		{51CDACBB-58BD-4904-A9E0-479C55E24D45}.Debug|Any CPU.ActiveCfg = Debug|Any CPU
		{51CDACBB-58BD-4904-A9E0-479C55E24D45}.Debug|Any CPU.Build.0 = Debug|Any CPU
		{51CDACBB-58BD-4904-A9E0-479C55E24D45}.Release|Any CPU.ActiveCfg = Release|Any CPU
		{51CDACBB-58BD-4904-A9E0-479C55E24D45}.Release|Any CPU.Build.0 = Release|Any CPU
		{3C6869AB-CC7C-4E5C-BFD5-580130529373}.Debug|Any CPU.ActiveCfg = Debug|Any CPU
		{3C6869AB-CC7C-4E5C-BFD5-580130529373}.Debug|Any CPU.Build.0 = Debug|Any CPU
		{3C6869AB-CC7C-4E5C-BFD5-580130529373}.Release|Any CPU.ActiveCfg = Release|Any CPU
		{3C6869AB-CC7C-4E5C-BFD5-580130529373}.Release|Any CPU.Build.0 = Release|Any CPU
		{B253412E-2B4E-4B1B-B548-5757838FDAE0}.Debug|Any CPU.ActiveCfg = Debug|Any CPU
		{B253412E-2B4E-4B1B-B548-5757838FDAE0}.Debug|Any CPU.Build.0 = Debug|Any CPU
		{B253412E-2B4E-4B1B-B548-5757838FDAE0}.Release|Any CPU.ActiveCfg = Release|Any CPU
		{B253412E-2B4E-4B1B-B548-5757838FDAE0}.Release|Any CPU.Build.0 = Release|Any CPU
		{52979EE8-269B-48AC-A291-509CE96E1379}.Debug|Any CPU.ActiveCfg = Debug|Any CPU
		{52979EE8-269B-48AC-A291-509CE96E1379}.Debug|Any CPU.Build.0 = Debug|Any CPU
		{52979EE8-269B-48AC-A291-509CE96E1379}.Release|Any CPU.ActiveCfg = Release|Any CPU
		{52979EE8-269B-48AC-A291-509CE96E1379}.Release|Any CPU.Build.0 = Release|Any CPU
	EndGlobalSection
	GlobalSection(SolutionProperties) = preSolution
		HideSolutionNode = FALSE
	EndGlobalSection
	GlobalSection(ExtensibilityGlobals) = postSolution
		SolutionGuid = {DBA420EE-B371-49A1-BAC4-9E66D03398C9}
	EndGlobalSection
	GlobalSection(NestedProjects) = preSolution
		{43123034-1BD7-42C6-89DB-451E58054D01} = {85F948B3-8157-492D-BA3E-D006F8486D9F}
		{F0568C1E-87A1-47D0-ACBB-87A775E8E98A} = {85F948B3-8157-492D-BA3E-D006F8486D9F}
		{55CE9505-1A33-418D-91D5-ECA85617ECA6} = {85F948B3-8157-492D-BA3E-D006F8486D9F}
		{398CF006-A64E-4968-8A67-8B267C678E20} = {893E9A8B-72D7-40A6-98B2-B24AFC8BAFC5}
		{7D7FEB8B-7942-4EE6-84AC-0C3B706254FD} = {893E9A8B-72D7-40A6-98B2-B24AFC8BAFC5}
		{5D8A3C66-371F-477D-9C77-835F958AFA68} = {893E9A8B-72D7-40A6-98B2-B24AFC8BAFC5}
		{56AC12ED-B81C-4174-B3F9-179A193157BE} = {893E9A8B-72D7-40A6-98B2-B24AFC8BAFC5}
		{969FEE2A-97AB-4645-BB84-1061850AF01A} = {893E9A8B-72D7-40A6-98B2-B24AFC8BAFC5}
		{4177F5CE-5CF8-4300-B126-98CEA5EFF3B1} = {893E9A8B-72D7-40A6-98B2-B24AFC8BAFC5}
		{860E76C1-6231-4C69-A274-7D46CA25810A} = {893E9A8B-72D7-40A6-98B2-B24AFC8BAFC5}
		{1B5A6ADF-A79C-47C0-AFFE-18916C4BD46F} = {893E9A8B-72D7-40A6-98B2-B24AFC8BAFC5}
		{51CDACBB-58BD-4904-A9E0-479C55E24D45} = {893E9A8B-72D7-40A6-98B2-B24AFC8BAFC5}
		{3C6869AB-CC7C-4E5C-BFD5-580130529373} = {893E9A8B-72D7-40A6-98B2-B24AFC8BAFC5}
		{B253412E-2B4E-4B1B-B548-5757838FDAE0} = {893E9A8B-72D7-40A6-98B2-B24AFC8BAFC5}
		{52979EE8-269B-48AC-A291-509CE96E1379} = {893E9A8B-72D7-40A6-98B2-B24AFC8BAFC5}
	EndGlobalSection
EndGlobal
